
Microsoft Visual Studio Solution File, Format Version 12.00
# Visual Studio Version 17
VisualStudioVersion = 17.3.32929.385
MinimumVisualStudioVersion = 10.0.40219.1
Project("{FAE04EC0-301F-11D3-BF4B-00C04F79EFBC}") = "WEBApi", "WEBApi\WEBApi.csproj", "{086A78DD-8BF3-4ABC-AB07-FFAF8D3D8B06}"
EndProject
Project("{FAE04EC0-301F-11D3-BF4B-00C04F79EFBC}") = "Crintea_Miruna_Lab11", "..\Crintea_Miruna_Lab11\Crintea_Miruna_Lab11.csproj", "{CBE8C5DC-C532-4BE6-923A-D41D6F2A6D8A}"
EndProject
Global
	GlobalSection(SolutionConfigurationPlatforms) = preSolution
		Debug|Any CPU = Debug|Any CPU
		Release|Any CPU = Release|Any CPU
	EndGlobalSection
	GlobalSection(ProjectConfigurationPlatforms) = postSolution
		{086A78DD-8BF3-4ABC-AB07-FFAF8D3D8B06}.Debug|Any CPU.ActiveCfg = Debug|Any CPU
		{086A78DD-8BF3-4ABC-AB07-FFAF8D3D8B06}.Debug|Any CPU.Build.0 = Debug|Any CPU
		{086A78DD-8BF3-4ABC-AB07-FFAF8D3D8B06}.Release|Any CPU.ActiveCfg = Release|Any CPU
		{086A78DD-8BF3-4ABC-AB07-FFAF8D3D8B06}.Release|Any CPU.Build.0 = Release|Any CPU
		{CBE8C5DC-C532-4BE6-923A-D41D6F2A6D8A}.Debug|Any CPU.ActiveCfg = Debug|Any CPU
		{CBE8C5DC-C532-4BE6-923A-D41D6F2A6D8A}.Debug|Any CPU.Build.0 = Debug|Any CPU
		{CBE8C5DC-C532-4BE6-923A-D41D6F2A6D8A}.Debug|Any CPU.Deploy.0 = Debug|Any CPU
		{CBE8C5DC-C532-4BE6-923A-D41D6F2A6D8A}.Release|Any CPU.ActiveCfg = Release|Any CPU
		{CBE8C5DC-C532-4BE6-923A-D41D6F2A6D8A}.Release|Any CPU.Build.0 = Release|Any CPU
		{CBE8C5DC-C532-4BE6-923A-D41D6F2A6D8A}.Release|Any CPU.Deploy.0 = Release|Any CPU
	EndGlobalSection
	GlobalSection(SolutionProperties) = preSolution
		HideSolutionNode = FALSE
	EndGlobalSection
	GlobalSection(ExtensibilityGlobals) = postSolution
		SolutionGuid = {D395DAE6-2262-474B-B8C9-ECD28F3A4A1E}
	EndGlobalSection
EndGlobal
